
Microsoft Visual Studio Solution File, Format Version 12.00
# Visual Studio 15
VisualStudioVersion = 15.0.28307.2092
MinimumVisualStudioVersion = 10.0.40219.1
Project("{8BC9CEB8-8B4A-11D0-8D11-00A0C91BC942}") = "P27", "P27\P27.vcxproj", "{6732D478-67F2-429F-827A-4868DEAC7C21}"
EndProject
Global
	GlobalSection(SolutionConfigurationPlatforms) = preSolution
		Debug|x64 = Debug|x64
		Debug|x86 = Debug|x86
		Release|x64 = Release|x64
		Release|x86 = Release|x86
	EndGlobalSection
	GlobalSection(ProjectConfigurationPlatforms) = postSolution
		{6732D478-67F2-429F-827A-4868DEAC7C21}.Debug|x64.ActiveCfg = Debug|x64
		{6732D478-67F2-429F-827A-4868DEAC7C21}.Debug|x64.Build.0 = Debug|x64
		{6732D478-67F2-429F-827A-4868DEAC7C21}.Debug|x86.ActiveCfg = Debug|Win32
		{6732D478-67F2-429F-827A-4868DEAC7C21}.Debug|x86.Build.0 = Debug|Win32
		{6732D478-67F2-429F-827A-4868DEAC7C21}.Release|x64.ActiveCfg = Release|x64
		{6732D478-67F2-429F-827A-4868DEAC7C21}.Release|x64.Build.0 = Release|x64
		{6732D478-67F2-429F-827A-4868DEAC7C21}.Release|x86.ActiveCfg = Release|Win32
		{6732D478-67F2-429F-827A-4868DEAC7C21}.Release|x86.Build.0 = Release|Win32
	EndGlobalSection
	GlobalSection(SolutionProperties) = preSolution
		HideSolutionNode = FALSE
	EndGlobalSection
	GlobalSection(ExtensibilityGlobals) = postSolution
		SolutionGuid = {5AA6601B-E9DE-463B-9B62-A871F55A53BB}
	EndGlobalSection
EndGlobal
